ansible-inventory-grapher==2.4.5
  - ansible [required: >=1.9, installed: 2.5.14]
    - cryptography [required: Any, installed: 2.4.2]
      - asn1crypto [required: >=0.21.0, installed: 0.24.0]
      - cffi [required: >=1.7,!=1.11.3, installed: 1.11.5]
        - pycparser [required: Any, installed: 2.19]
      - enum34 [required: Any, installed: 1.1.6]
      - idna [required: >=2.1, installed: 2.8]
      - ipaddress [required: Any, installed: 1.0.22]
      - six [required: >=1.4.1, installed: 1.12.0]
    - jinja2 [required: Any, installed: 2.10]
      - MarkupSafe [required: >=0.23, installed: 1.1.0]
    - paramiko [required: Any, installed: 2.4.2]
      - bcrypt [required: >=3.1.3, installed: 3.1.5]
        - cffi [required: >=1.1, installed: 1.11.5]
          - pycparser [required: Any, installed: 2.19]
        - six [required: >=1.4.1, installed: 1.12.0]
      - cryptography [required: >=1.5, installed: 2.4.2]
        - asn1crypto [required: >=0.21.0, installed: 0.24.0]
        - cffi [required: >=1.7,!=1.11.3, installed: 1.11.5]
          - pycparser [required: Any, installed: 2.19]
        - enum34 [required: Any, installed: 1.1.6]
        - idna [required: >=2.1, installed: 2.8]
        - ipaddress [required: Any, installed: 1.0.22]
        - six [required: >=1.4.1, installed: 1.12.0]
      - pyasn1 [required: >=0.1.7, installed: 0.4.5]
      - pynacl [required: >=1.0.1, installed: 1.3.0]
        - cffi [required: >=1.4.1, installed: 1.11.5]
          - pycparser [required: Any, installed: 2.19]
        - six [required: Any, installed: 1.12.0]
    - PyYAML [required: Any, installed: 3.13]
    - setuptools [required: Any, installed: 40.6.3]
ansible-lint==4.0.0
  - ansible [required: Any, installed: 2.5.14]
    - cryptography [required: Any, installed: 2.4.2]
      - asn1crypto [required: >=0.21.0, installed: 0.24.0]
      - cffi [required: >=1.7,!=1.11.3, installed: 1.11.5]
        - pycparser [required: Any, installed: 2.19]
      - enum34 [required: Any, installed: 1.1.6]
      - idna [required: >=2.1, installed: 2.8]
      - ipaddress [required: Any, installed: 1.0.22]
      - six [required: >=1.4.1, installed: 1.12.0]
    - jinja2 [required: Any, installed: 2.10]
      - MarkupSafe [required: >=0.23, installed: 1.1.0]
    - paramiko [required: Any, installed: 2.4.2]
      - bcrypt [required: >=3.1.3, installed: 3.1.5]
        - cffi [required: >=1.1, installed: 1.11.5]
          - pycparser [required: Any, installed: 2.19]
        - six [required: >=1.4.1, installed: 1.12.0]
      - cryptography [required: >=1.5, installed: 2.4.2]
        - asn1crypto [required: >=0.21.0, installed: 0.24.0]
        - cffi [required: >=1.7,!=1.11.3, installed: 1.11.5]
          - pycparser [required: Any, installed: 2.19]
        - enum34 [required: Any, installed: 1.1.6]
        - idna [required: >=2.1, installed: 2.8]
        - ipaddress [required: Any, installed: 1.0.22]
        - six [required: >=1.4.1, installed: 1.12.0]
      - pyasn1 [required: >=0.1.7, installed: 0.4.5]
      - pynacl [required: >=1.0.1, installed: 1.3.0]
        - cffi [required: >=1.4.1, installed: 1.11.5]
          - pycparser [required: Any, installed: 2.19]
        - six [required: Any, installed: 1.12.0]
    - PyYAML [required: Any, installed: 3.13]
    - setuptools [required: Any, installed: 40.6.3]
  - pyyaml [required: Any, installed: 3.13]
  - six [required: Any, installed: 1.12.0]
ansible-playbook-grapher==0.7.3
  - ansible [required: >=2.4.0, installed: 2.5.14]
    - cryptography [required: Any, installed: 2.4.2]
      - asn1crypto [required: >=0.21.0, installed: 0.24.0]
      - cffi [required: >=1.7,!=1.11.3, installed: 1.11.5]
        - pycparser [required: Any, installed: 2.19]
      - enum34 [required: Any, installed: 1.1.6]
      - idna [required: >=2.1, installed: 2.8]
      - ipaddress [required: Any, installed: 1.0.22]
      - six [required: >=1.4.1, installed: 1.12.0]
    - jinja2 [required: Any, installed: 2.10]
      - MarkupSafe [required: >=0.23, installed: 1.1.0]
    - paramiko [required: Any, installed: 2.4.2]
      - bcrypt [required: >=3.1.3, installed: 3.1.5]
        - cffi [required: >=1.1, installed: 1.11.5]
          - pycparser [required: Any, installed: 2.19]
        - six [required: >=1.4.1, installed: 1.12.0]
      - cryptography [required: >=1.5, installed: 2.4.2]
        - asn1crypto [required: >=0.21.0, installed: 0.24.0]
        - cffi [required: >=1.7,!=1.11.3, installed: 1.11.5]
          - pycparser [required: Any, installed: 2.19]
        - enum34 [required: Any, installed: 1.1.6]
        - idna [required: >=2.1, installed: 2.8]
        - ipaddress [required: Any, installed: 1.0.22]
        - six [required: >=1.4.1, installed: 1.12.0]
      - pyasn1 [required: >=0.1.7, installed: 0.4.5]
      - pynacl [required: >=1.0.1, installed: 1.3.0]
        - cffi [required: >=1.4.1, installed: 1.11.5]
          - pycparser [required: Any, installed: 2.19]
        - six [required: Any, installed: 1.12.0]
    - PyYAML [required: Any, installed: 3.13]
    - setuptools [required: Any, installed: 40.6.3]
  - colour [required: ==0.1.5, installed: 0.1.5]
  - graphviz [required: ==0.8.1, installed: 0.8.1]
  - lxml [required: ==4.1.1, installed: 4.1.1]
ansigenome==0.6.0
  - jinja2 [required: Any, installed: 2.10]
    - MarkupSafe [required: >=0.23, installed: 1.1.0]
  - PyYAML [required: Any, installed: 3.13]
  - setuptools [required: Any, installed: 40.6.3]
ara==0.16.1
  - ansible [required: >=2.4.5.0, installed: 2.5.14]
    - cryptography [required: Any, installed: 2.4.2]
      - asn1crypto [required: >=0.21.0, installed: 0.24.0]
      - cffi [required: >=1.7,!=1.11.3, installed: 1.11.5]
        - pycparser [required: Any, installed: 2.19]
      - enum34 [required: Any, installed: 1.1.6]
      - idna [required: >=2.1, installed: 2.8]
      - ipaddress [required: Any, installed: 1.0.22]
      - six [required: >=1.4.1, installed: 1.12.0]
    - jinja2 [required: Any, installed: 2.10]
      - MarkupSafe [required: >=0.23, installed: 1.1.0]
    - paramiko [required: Any, installed: 2.4.2]
      - bcrypt [required: >=3.1.3, installed: 3.1.5]
        - cffi [required: >=1.1, installed: 1.11.5]
          - pycparser [required: Any, installed: 2.19]
        - six [required: >=1.4.1, installed: 1.12.0]
      - cryptography [required: >=1.5, installed: 2.4.2]
        - asn1crypto [required: >=0.21.0, installed: 0.24.0]
        - cffi [required: >=1.7,!=1.11.3, installed: 1.11.5]
          - pycparser [required: Any, installed: 2.19]
        - enum34 [required: Any, installed: 1.1.6]
        - idna [required: >=2.1, installed: 2.8]
        - ipaddress [required: Any, installed: 1.0.22]
        - six [required: >=1.4.1, installed: 1.12.0]
      - pyasn1 [required: >=0.1.7, installed: 0.4.5]
      - pynacl [required: >=1.0.1, installed: 1.3.0]
        - cffi [required: >=1.4.1, installed: 1.11.5]
          - pycparser [required: Any, installed: 2.19]
        - six [required: Any, installed: 1.12.0]
    - PyYAML [required: Any, installed: 3.13]
    - setuptools [required: Any, installed: 40.6.3]
  - cliff [required: Any, installed: 2.14.0]
    - cmd2 [required: <0.9.0,!=0.8.3, installed: 0.8.9]
      - contextlib2 [required: Any, installed: 0.5.5]
      - enum34 [required: Any, installed: 1.1.6]
      - pyparsing [required: >=2.0.1, installed: 2.3.0]
      - pyperclip [required: Any, installed: 1.7.0]
      - six [required: Any, installed: 1.12.0]
      - subprocess32 [required: Any, installed: 3.5.3]
      - wcwidth [required: Any, installed: 0.1.7]
    - pbr [required: >=2.0.0,!=2.1.0, installed: 5.1.1]
    - PrettyTable [required: >=0.7.2,<0.8, installed: 0.7.2]
    - pyparsing [required: >=2.1.0, installed: 2.3.0]
    - PyYAML [required: >=3.12, installed: 3.13]
    - six [required: >=1.10.0, installed: 1.12.0]
    - stevedore [required: >=1.20.0, installed: 1.30.0]
      - pbr [required: >=2.0.0,!=2.1.0, installed: 5.1.1]
      - six [required: >=1.10.0, installed: 1.12.0]
    - unicodecsv [required: >=0.8.0, installed: 0.14.1]
  - Flask [required: >=0.11,!=0.12.3, installed: 1.0.2]
    - click [required: >=5.1, installed: 7.0]
    - itsdangerous [required: >=0.24, installed: 1.1.0]
    - Jinja2 [required: >=2.10, installed: 2.10]
      - MarkupSafe [required: >=0.23, installed: 1.1.0]
    - Werkzeug [required: >=0.14, installed: 0.14.1]
  - Flask-Migrate [required: Any, installed: 2.3.1]
    - alembic [required: >=0.7, installed: 1.0.5]
      - Mako [required: Any, installed: 1.0.7]
        - MarkupSafe [required: >=0.9.2, installed: 1.1.0]
      - python-dateutil [required: Any, installed: 2.7.5]
        - six [required: >=1.5, installed: 1.12.0]
      - python-editor [required: >=0.3, installed: 1.0.3]
      - SQLAlchemy [required: >=0.9.0, installed: 1.2.15]
    - Flask [required: >=0.9, installed: 1.0.2]
      - click [required: >=5.1, installed: 7.0]
      - itsdangerous [required: >=0.24, installed: 1.1.0]
      - Jinja2 [required: >=2.10, installed: 2.10]
        - MarkupSafe [required: >=0.23, installed: 1.1.0]
      - Werkzeug [required: >=0.14, installed: 0.14.1]
    - Flask-SQLAlchemy [required: >=1.0, installed: 2.3.2]
      - Flask [required: >=0.10, installed: 1.0.2]
        - click [required: >=5.1, installed: 7.0]
        - itsdangerous [required: >=0.24, installed: 1.1.0]
        - Jinja2 [required: >=2.10, installed: 2.10]
          - MarkupSafe [required: >=0.23, installed: 1.1.0]
        - Werkzeug [required: >=0.14, installed: 0.14.1]
      - SQLAlchemy [required: >=0.8.0, installed: 1.2.15]
  - Flask-Script [required: Any, installed: 2.0.6]
    - Flask [required: Any, installed: 1.0.2]
      - click [required: >=5.1, installed: 7.0]
      - itsdangerous [required: >=0.24, installed: 1.1.0]
      - Jinja2 [required: >=2.10, installed: 2.10]
        - MarkupSafe [required: >=0.23, installed: 1.1.0]
      - Werkzeug [required: >=0.14, installed: 0.14.1]
  - Flask-SQLAlchemy [required: Any, installed: 2.3.2]
    - Flask [required: >=0.10, installed: 1.0.2]
      - click [required: >=5.1, installed: 7.0]
      - itsdangerous [required: >=0.24, installed: 1.1.0]
      - Jinja2 [required: >=2.10, installed: 2.10]
        - MarkupSafe [required: >=0.23, installed: 1.1.0]
      - Werkzeug [required: >=0.14, installed: 0.14.1]
    - SQLAlchemy [required: >=0.8.0, installed: 1.2.15]
  - Frozen-Flask [required: Any, installed: 0.15]
    - Flask [required: >=0.7, installed: 1.0.2]
      - click [required: >=5.1, installed: 7.0]
      - itsdangerous [required: >=0.24, installed: 1.1.0]
      - Jinja2 [required: >=2.10, installed: 2.10]
        - MarkupSafe [required: >=0.23, installed: 1.1.0]
      - Werkzeug [required: >=0.14, installed: 0.14.1]
  - jinja2 [required: >=2.9, installed: 2.10]
    - MarkupSafe [required: >=0.23, installed: 1.1.0]
  - junit-xml [required: >=1.7, installed: 1.8]
    - six [required: Any, installed: 1.12.0]
  - oslo.serialization [required: >=1.10.0, installed: 2.28.1]
    - msgpack [required: >=0.5.2, installed: 0.6.0]
    - oslo.utils [required: >=3.33.0, installed: 3.39.0]
      - debtcollector [required: >=1.2.0, installed: 1.20.0]
        - funcsigs [required: >=1.0.0, installed: 1.0.2]
        - pbr [required: >=2.0.0,!=2.1.0, installed: 5.1.1]
        - six [required: >=1.10.0, installed: 1.12.0]
        - wrapt [required: >=1.7.0, installed: 1.10.11]
      - funcsigs [required: >=1.0.0, installed: 1.0.2]
      - iso8601 [required: >=0.1.11, installed: 0.1.12]
      - monotonic [required: >=0.6, installed: 1.5]
      - netaddr [required: >=0.7.18, installed: 0.7.19]
      - netifaces [required: >=0.10.4, installed: 0.10.9]
      - oslo.i18n [required: >=3.15.3, installed: 3.23.0]
        - Babel [required: >=2.3.4,!=2.4.0, installed: 2.6.0]
          - pytz [required: >=0a, installed: 2018.7]
        - pbr [required: >=2.0.0,!=2.1.0, installed: 5.1.1]
        - six [required: >=1.10.0, installed: 1.12.0]
      - pbr [required: >=2.0.0,!=2.1.0, installed: 5.1.1]
      - pyparsing [required: >=2.1.0, installed: 2.3.0]
      - pytz [required: >=2013.6, installed: 2018.7]
      - six [required: >=1.10.0, installed: 1.12.0]
    - pbr [required: >=2.0.0,!=2.1.0, installed: 5.1.1]
    - pytz [required: >=2013.6, installed: 2018.7]
    - six [required: >=1.10.0, installed: 1.12.0]
  - oslo.utils [required: >=3.20.0, installed: 3.39.0]
    - debtcollector [required: >=1.2.0, installed: 1.20.0]
      - funcsigs [required: >=1.0.0, installed: 1.0.2]
      - pbr [required: >=2.0.0,!=2.1.0, installed: 5.1.1]
      - six [required: >=1.10.0, installed: 1.12.0]
      - wrapt [required: >=1.7.0, installed: 1.10.11]
    - funcsigs [required: >=1.0.0, installed: 1.0.2]
    - iso8601 [required: >=0.1.11, installed: 0.1.12]
    - monotonic [required: >=0.6, installed: 1.5]
    - netaddr [required: >=0.7.18, installed: 0.7.19]
    - netifaces [required: >=0.10.4, installed: 0.10.9]
    - oslo.i18n [required: >=3.15.3, installed: 3.23.0]
      - Babel [required: >=2.3.4,!=2.4.0, installed: 2.6.0]
        - pytz [required: >=0a, installed: 2018.7]
      - pbr [required: >=2.0.0,!=2.1.0, installed: 5.1.1]
      - six [required: >=1.10.0, installed: 1.12.0]
    - pbr [required: >=2.0.0,!=2.1.0, installed: 5.1.1]
    - pyparsing [required: >=2.1.0, installed: 2.3.0]
    - pytz [required: >=2013.6, installed: 2018.7]
    - six [required: >=1.10.0, installed: 1.12.0]
  - pbr [required: >=2.0.0,!=2.1.0, installed: 5.1.1]
  - pyfakefs [required: Any, installed: 3.5.5]
  - pygments [required: >=1.6, installed: 2.3.1]
  - python-subunit [required: Any, installed: 1.3.0]
    - extras [required: Any, installed: 1.0.0]
    - testtools [required: >=0.9.34, installed: 2.3.0]
      - extras [required: >=1.0.0, installed: 1.0.0]
      - fixtures [required: >=1.3.0, installed: 3.0.0]
        - pbr [required: >=0.11, installed: 5.1.1]
        - six [required: Any, installed: 1.12.0]
      - pbr [required: >=0.11, installed: 5.1.1]
      - python-mimeparse [required: Any, installed: 1.6.0]
      - six [required: >=1.4.0, installed: 1.12.0]
      - traceback2 [required: Any, installed: 1.4.0]
        - linecache2 [required: Any, installed: 1.0.0]
      - unittest2 [required: >=1.0.0, installed: 1.1.0]
        - argparse [required: Any, installed: 1.1]
        - six [required: >=1.4, installed: 1.12.0]
        - traceback2 [required: Any, installed: 1.4.0]
          - linecache2 [required: Any, installed: 1.0.0]
  - setuptools [required: >=11.3, installed: 40.6.3]
  - six [required: Any, installed: 1.12.0]
  - XStatic [required: >=1.0.0, installed: 1.0.2]
  - XStatic-Bootstrap-SCSS [required: >=3.3.7.1, installed: 3.3.7.1]
  - XStatic-DataTables [required: >=1.10.15, installed: 1.10.15.1]
  - XStatic-jQuery [required: >=1.8.2.1, installed: 3.3.1.1]
  - XStatic-Patternfly [required: >=3.21.0, installed: 3.21.0.1]
  - XStatic-Patternfly-Bootstrap-Treeview [required: >=2.1.3, installed: 2.1.3.2]
autopep8==1.4.3
  - pycodestyle [required: >=2.4.0, installed: 2.4.0]
awscli==1.16.83
  - botocore [required: ==1.12.73, installed: 1.12.73]
    - docutils [required: >=0.10, installed: 0.14]
    - jmespath [required: >=0.7.1,<1.0.0, installed: 0.9.3]
    - python-dateutil [required: >=2.1,<3.0.0, installed: 2.7.5]
      - six [required: >=1.5, installed: 1.12.0]
    - urllib3 [required: >=1.20,<1.25, installed: 1.24.1]
  - colorama [required: >=0.2.5,<=0.3.9, installed: 0.3.9]
  - docutils [required: >=0.10, installed: 0.14]
  - PyYAML [required: >=3.10,<=3.13, installed: 3.13]
  - rsa [required: >=3.1.2,<=3.5.0, installed: 3.4.2]
    - pyasn1 [required: >=0.1.3, installed: 0.4.5]
  - s3transfer [required: >=0.1.12,<0.2.0, installed: 0.1.13]
    - botocore [required: >=1.3.0,<2.0.0, installed: 1.12.73]
      - docutils [required: >=0.10, installed: 0.14]
      - jmespath [required: >=0.7.1,<1.0.0, installed: 0.9.3]
      - python-dateutil [required: >=2.1,<3.0.0, installed: 2.7.5]
        - six [required: >=1.5, installed: 1.12.0]
      - urllib3 [required: >=1.20,<1.25, installed: 1.24.1]
    - futures [required: >=2.2.0,<4.0.0, installed: 3.2.0]
boto==2.49.0
boto3==1.9.73
  - botocore [required: >=1.12.73,<1.13.0, installed: 1.12.73]
    - docutils [required: >=0.10, installed: 0.14]
    - jmespath [required: >=0.7.1,<1.0.0, installed: 0.9.3]
    - python-dateutil [required: >=2.1,<3.0.0, installed: 2.7.5]
      - six [required: >=1.5, installed: 1.12.0]
    - urllib3 [required: >=1.20,<1.25, installed: 1.24.1]
  - jmespath [required: >=0.7.1,<1.0.0, installed: 0.9.3]
  - s3transfer [required: >=0.1.10,<0.2.0, installed: 0.1.13]
    - botocore [required: >=1.3.0,<2.0.0, installed: 1.12.73]
      - docutils [required: >=0.10, installed: 0.14]
      - jmespath [required: >=0.7.1,<1.0.0, installed: 0.9.3]
      - python-dateutil [required: >=2.1,<3.0.0, installed: 2.7.5]
        - six [required: >=1.5, installed: 1.12.0]
      - urllib3 [required: >=1.20,<1.25, installed: 1.24.1]
    - futures [required: >=2.2.0,<4.0.0, installed: 3.2.0]
jinja2-cli==0.6.0
  - jinja2 [required: Any, installed: 2.10]
    - MarkupSafe [required: >=0.23, installed: 1.1.0]
mitogen==0.2.3
pip-tools==3.2.0
  - click [required: >=6, installed: 7.0]
  - six [required: Any, installed: 1.12.0]
pipdeptree==0.13.1
  - pip [required: >=6.0.0, installed: 18.1]
powerline-gitstatus==1.2.1
powerline-status==2.6
pretty==0.1
pyaml==18.11.0
  - PyYAML [required: Any, installed: 3.13]
pylint==1.9.4
  - astroid [required: >=1.6,<2.0, installed: 1.6.5]
    - backports.functools-lru-cache [required: Any, installed: 1.5]
    - enum34 [required: >=1.1.3, installed: 1.1.6]
    - lazy-object-proxy [required: Any, installed: 1.3.1]
    - singledispatch [required: Any, installed: 3.4.0.3]
      - six [required: Any, installed: 1.12.0]
    - six [required: Any, installed: 1.12.0]
    - wrapt [required: Any, installed: 1.10.11]
  - backports.functools-lru-cache [required: Any, installed: 1.5]
  - configparser [required: Any, installed: 3.5.0]
  - isort [required: >=4.2.5, installed: 4.3.4]
    - futures [required: Any, installed: 3.2.0]
    - futures [required: Any, installed: 3.2.0]
  - mccabe [required: Any, installed: 0.6.1]
  - singledispatch [required: Any, installed: 3.4.0.3]
    - six [required: Any, installed: 1.12.0]
  - six [required: Any, installed: 1.12.0]
python-slugify==2.0.1
  - Unidecode [required: >=0.04.16, installed: 1.0.23]
shade==1.30.0
  - openstacksdk [required: >=0.15.0, installed: 0.22.0]
    - appdirs [required: >=1.3.0, installed: 1.4.3]
    - cryptography [required: >=2.1, installed: 2.4.2]
      - asn1crypto [required: >=0.21.0, installed: 0.24.0]
      - cffi [required: >=1.7,!=1.11.3, installed: 1.11.5]
        - pycparser [required: Any, installed: 2.19]
      - enum34 [required: Any, installed: 1.1.6]
      - idna [required: >=2.1, installed: 2.8]
      - ipaddress [required: Any, installed: 1.0.22]
      - six [required: >=1.4.1, installed: 1.12.0]
    - decorator [required: >=3.4.0, installed: 4.3.0]
    - dogpile.cache [required: >=0.6.2,<0.7.0, installed: 0.6.8]
    - futures [required: >=3.0.0, installed: 3.2.0]
    - ipaddress [required: >=1.0.17, installed: 1.0.22]
    - iso8601 [required: >=0.1.11, installed: 0.1.12]
    - jmespath [required: >=0.9.0, installed: 0.9.3]
    - jsonpatch [required: >=1.16,!=1.20, installed: 1.23]
      - jsonpointer [required: >=1.9, installed: 2.0]
    - keystoneauth1 [required: >=3.11.0, installed: 3.11.2]
      - iso8601 [required: >=0.1.11, installed: 0.1.12]
      - os-service-types [required: >=1.2.0, installed: 1.4.0]
        - pbr [required: >=2.0.0,!=2.1.0, installed: 5.1.1]
      - pbr [required: >=2.0.0,!=2.1.0, installed: 5.1.1]
      - requests [required: >=2.14.2, installed: 2.21.0]
        - certifi [required: >=2017.4.17, installed: 2018.11.29]
        - chardet [required: >=3.0.2,<3.1.0, installed: 3.0.4]
        - idna [required: >=2.5,<2.9, installed: 2.8]
        - urllib3 [required: >=1.21.1,<1.25, installed: 1.24.1]
      - six [required: >=1.10.0, installed: 1.12.0]
      - stevedore [required: >=1.20.0, installed: 1.30.0]
        - pbr [required: >=2.0.0,!=2.1.0, installed: 5.1.1]
        - six [required: >=1.10.0, installed: 1.12.0]
    - munch [required: >=2.1.0, installed: 2.3.2]
      - six [required: Any, installed: 1.12.0]
    - netifaces [required: >=0.10.4, installed: 0.10.9]
    - os-service-types [required: >=1.2.0, installed: 1.4.0]
      - pbr [required: >=2.0.0,!=2.1.0, installed: 5.1.1]
    - pbr [required: >=2.0.0,!=2.1.0, installed: 5.1.1]
    - PyYAML [required: >=3.12, installed: 3.13]
    - requestsexceptions [required: >=1.2.0, installed: 1.4.0]
    - six [required: >=1.10.0, installed: 1.12.0]
  - os-client-config [required: >=1.28.0, installed: 1.31.2]
    - openstacksdk [required: >=0.13.0, installed: 0.22.0]
      - appdirs [required: >=1.3.0, installed: 1.4.3]
      - cryptography [required: >=2.1, installed: 2.4.2]
        - asn1crypto [required: >=0.21.0, installed: 0.24.0]
        - cffi [required: >=1.7,!=1.11.3, installed: 1.11.5]
          - pycparser [required: Any, installed: 2.19]
        - enum34 [required: Any, installed: 1.1.6]
        - idna [required: >=2.1, installed: 2.8]
        - ipaddress [required: Any, installed: 1.0.22]
        - six [required: >=1.4.1, installed: 1.12.0]
      - decorator [required: >=3.4.0, installed: 4.3.0]
      - dogpile.cache [required: >=0.6.2,<0.7.0, installed: 0.6.8]
      - futures [required: >=3.0.0, installed: 3.2.0]
      - ipaddress [required: >=1.0.17, installed: 1.0.22]
      - iso8601 [required: >=0.1.11, installed: 0.1.12]
      - jmespath [required: >=0.9.0, installed: 0.9.3]
      - jsonpatch [required: >=1.16,!=1.20, installed: 1.23]
        - jsonpointer [required: >=1.9, installed: 2.0]
      - keystoneauth1 [required: >=3.11.0, installed: 3.11.2]
        - iso8601 [required: >=0.1.11, installed: 0.1.12]
        - os-service-types [required: >=1.2.0, installed: 1.4.0]
          - pbr [required: >=2.0.0,!=2.1.0, installed: 5.1.1]
        - pbr [required: >=2.0.0,!=2.1.0, installed: 5.1.1]
        - requests [required: >=2.14.2, installed: 2.21.0]
          - certifi [required: >=2017.4.17, installed: 2018.11.29]
          - chardet [required: >=3.0.2,<3.1.0, installed: 3.0.4]
          - idna [required: >=2.5,<2.9, installed: 2.8]
          - urllib3 [required: >=1.21.1,<1.25, installed: 1.24.1]
        - six [required: >=1.10.0, installed: 1.12.0]
        - stevedore [required: >=1.20.0, installed: 1.30.0]
          - pbr [required: >=2.0.0,!=2.1.0, installed: 5.1.1]
          - six [required: >=1.10.0, installed: 1.12.0]
      - munch [required: >=2.1.0, installed: 2.3.2]
        - six [required: Any, installed: 1.12.0]
      - netifaces [required: >=0.10.4, installed: 0.10.9]
      - os-service-types [required: >=1.2.0, installed: 1.4.0]
        - pbr [required: >=2.0.0,!=2.1.0, installed: 5.1.1]
      - pbr [required: >=2.0.0,!=2.1.0, installed: 5.1.1]
      - PyYAML [required: >=3.12, installed: 3.13]
      - requestsexceptions [required: >=1.2.0, installed: 1.4.0]
      - six [required: >=1.10.0, installed: 1.12.0]
  - pbr [required: >=2.0.0,!=2.1.0, installed: 5.1.1]
simplejson==3.16.0
virtualenvwrapper==4.8.2
  - stevedore [required: Any, installed: 1.30.0]
    - pbr [required: >=2.0.0,!=2.1.0, installed: 5.1.1]
    - six [required: >=1.10.0, installed: 1.12.0]
  - virtualenv [required: Any, installed: 16.2.0]
    - setuptools [required: >=18.0.0, installed: 40.6.3]
  - virtualenv-clone [required: Any, installed: 0.4.0]
wheel==0.32.3
yamllint==1.13.0
  - pathspec [required: >=0.5.3, installed: 0.5.9]
  - pyyaml [required: Any, installed: 3.13]
yolk3k==0.9
